Microsoft Visual Studio Solution File, Format Version 11.00
# Visual Studio 2008

Project("{56F7FC71-6CF1-B2D7-7857-F969D5765242}") = "unityWithMongodb", "Assembly-CSharp.csproj", "{892F6AA0-160C-A0CD-0DD9-387D61D51984}"
EndProject
Global
	GlobalSection(SolutionConfigurationPlatforms) = preSolution
		Debug|Any CPU = Debug|Any CPU
		Release|Any CPU = Release|Any CPU
	EndGlobalSection
	GlobalSection(ProjectConfigurationPlatforms) = postSolution
		{892F6AA0-160C-A0CD-0DD9-387D61D51984}.Debug|Any CPU.ActiveCfg = Debug|Any CPU
		{892F6AA0-160C-A0CD-0DD9-387D61D51984}.Debug|Any CPU.Build.0 = Debug|Any CPU
		{892F6AA0-160C-A0CD-0DD9-387D61D51984}.Release|Any CPU.ActiveCfg = Release|Any CPU
		{892F6AA0-160C-A0CD-0DD9-387D61D51984}.Release|Any CPU.Build.0 = Release|Any CPU
	EndGlobalSection
	GlobalSection(SolutionProperties) = preSolution
		HideSolutionNode = FALSE
	EndGlobalSection
	GlobalSection(MonoDevelopProperties) = preSolution
		StartupItem = Assembly-CSharp.csproj
	EndGlobalSection
EndGlobal
